
Microsoft Visual Studio Solution File, Format Version 12.00
# Visual Studio Version 17
VisualStudioVersion = 17.11.35312.102
MinimumVisualStudioVersion = 10.0.40219.1
Project("{9A19103F-16F7-4668-BE54-9A1E7A4F7556}") = "YukaDAL", "YukaDAL\YukaDAL.csproj", "{34B92E6D-8FC6-40B8-BB0C-3513D7A28D72}"
EndProject
Project("{9A19103F-16F7-4668-BE54-9A1E7A4F7556}") = "YukaBLL", "YukaBLL\YukaBLL.csproj", "{993AA154-AC96-40A0-9EA3-5A61B050935C}"
EndProject
Global
	GlobalSection(SolutionConfigurationPlatforms) = preSolution
		Debug|Any CPU = Debug|Any CPU
		Release|Any CPU = Release|Any CPU
	EndGlobalSection
	GlobalSection(ProjectConfigurationPlatforms) = postSolution
		{34B92E6D-8FC6-40B8-BB0C-3513D7A28D72}.Debug|Any CPU.ActiveCfg = Debug|Any CPU
		{34B92E6D-8FC6-40B8-BB0C-3513D7A28D72}.Debug|Any CPU.Build.0 = Debug|Any CPU
		{34B92E6D-8FC6-40B8-BB0C-3513D7A28D72}.Release|Any CPU.ActiveCfg = Release|Any CPU
		{34B92E6D-8FC6-40B8-BB0C-3513D7A28D72}.Release|Any CPU.Build.0 = Release|Any CPU
		{993AA154-AC96-40A0-9EA3-5A61B050935C}.Debug|Any CPU.ActiveCfg = Debug|Any CPU
		{993AA154-AC96-40A0-9EA3-5A61B050935C}.Debug|Any CPU.Build.0 = Debug|Any CPU
		{993AA154-AC96-40A0-9EA3-5A61B050935C}.Release|Any CPU.ActiveCfg = Release|Any CPU
		{993AA154-AC96-40A0-9EA3-5A61B050935C}.Release|Any CPU.Build.0 = Release|Any CPU
	EndGlobalSection
	GlobalSection(SolutionProperties) = preSolution
		HideSolutionNode = FALSE
	EndGlobalSection
	GlobalSection(ExtensibilityGlobals) = postSolution
		SolutionGuid = {91C18D60-D09B-40E4-BDCE-EE05E4AFD747}
	EndGlobalSection
EndGlobal
